// !$*UTF8*$!
{
	archiveVersion = 1;
	classes = {
	};
	objectVersion = 51;
	objects = {

/* Begin PBXBuildFile section */
		C7EDCEAC100C17516ECC675B /* Pods_Whoosh_QR_Scanner.framework in Frameworks */ = {isa = PBXBuildFile; fileRef = 3DF1D41A40BACB2F89CCC32A /* Pods_Whoosh_QR_Scanner.framework */; };
		DF3145AA2539D1F200B1087C /* AppDelegate.swift in Sources */ = {isa = PBXBuildFile; fileRef = DF3145A92539D1F200B1087C /* AppDelegate.swift */; };
		DF3145B32539D1F700B1087C /* Assets.xcassets in Resources */ = {isa = PBXBuildFile; fileRef = DF3145B22539D1F700B1087C /* Assets.xcassets */; };
		DF3145B62539D1F700B1087C /* LaunchScreen.storyboard in Resources */ = {isa = PBXBuildFile; fileRef = DF3145B42539D1F700B1087C /* LaunchScreen.storyboard */; };
		DF3145C32539D4BE00B1087C /* ScannerViewController.swift in Sources */ = {isa = PBXBuildFile; fileRef = DF3145C22539D4BE00B1087C /* ScannerViewController.swift */; };
		DF3145CA2539D8F100B1087C /* Configuration.swift in Sources */ = {isa = PBXBuildFile; fileRef = DF3145C92539D8F100B1087C /* Configuration.swift */; };
		DF3145CD2539D96300B1087C /* Scooter.swift in Sources */ = {isa = PBXBuildFile; fileRef = DF3145CC2539D96300B1087C /* Scooter.swift */; };
		DF3145D42539DE5500B1087C /* NetworkService.swift in Sources */ = {isa = PBXBuildFile; fileRef = DF3145D32539DE5500B1087C /* NetworkService.swift */; };
		DF3145D72539E23B00B1087C /* StatusViewController.swift in Sources */ = {isa = PBXBuildFile; fileRef = DF3145D62539E23B00B1087C /* StatusViewController.swift */; };
		DF3145DA2539E30000B1087C /* Observable.swift in Sources */ = {isa = PBXBuildFile; fileRef = DF3145D92539E30000B1087C /* Observable.swift */; };
		DF3145DD2539F40A00B1087C /* Reachability.swift in Sources */ = {isa = PBXBuildFile; fileRef = DF3145DC2539F40900B1087C /* Reachability.swift */; };
/* End PBXBuildFile section */

/* Begin PBXFileReference section */
		3DF1D41A40BACB2F89CCC32A /* Pods_Whoosh_QR_Scanner.framework */ = {isa = PBXFileReference; explicitFileType = wrapper.framework; includeInIndex = 0; path = Pods_Whoosh_QR_Scanner.framework; sourceTree = BUILT_PRODUCTS_DIR; };
		637E168FA252387B92A2554F /* Pods-Whoosh QR Scanner.debug.xcconfig */ = {isa = PBXFileReference; includeInIndex = 1; lastKnownFileType = text.xcconfig; name = "Pods-Whoosh QR Scanner.debug.xcconfig"; path = "Target Support Files/Pods-Whoosh QR Scanner/Pods-Whoosh QR Scanner.debug.xcconfig"; sourceTree = "<group>"; };
		7269B7437F6FC6BD8C4386CB /* Pods-Whoosh QR Scanner.release.xcconfig */ = {isa = PBXFileReference; includeInIndex = 1; lastKnownFileType = text.xcconfig; name = "Pods-Whoosh QR Scanner.release.xcconfig"; path = "Target Support Files/Pods-Whoosh QR Scanner/Pods-Whoosh QR Scanner.release.xcconfig"; sourceTree = "<group>"; };
		DF3145A62539D1F200B1087C /* Whoosh QR Scanner.app */ = {isa = PBXFileReference; explicitFileType = wrapper.application; includeInIndex = 0; path = "Whoosh QR Scanner.app"; sourceTree = BUILT_PRODUCTS_DIR; };
		DF3145A92539D1F200B1087C /* AppDelegate.swift */ = {isa = PBXFileReference; lastKnownFileType = sourcecode.swift; path = AppDelegate.swift; sourceTree = "<group>"; };
		DF3145B22539D1F700B1087C /* Assets.xcassets */ = {isa = PBXFileReference; lastKnownFileType = folder.assetcatalog; path = Assets.xcassets; sourceTree = "<group>"; };
		DF3145B52539D1F700B1087C /* Base */ = {isa = PBXFileReference; lastKnownFileType = file.storyboard; name = Base; path = Base.lproj/LaunchScreen.storyboard; sourceTree = "<group>"; };
		DF3145B72539D1F700B1087C /* Info.plist */ = {isa = PBXFileReference; lastKnownFileType = text.plist.xml; path = Info.plist; sourceTree = "<group>"; };
		DF3145C22539D4BE00B1087C /* ScannerViewController.swift */ = {isa = PBXFileReference; lastKnownFileType = sourcecode.swift; path = ScannerViewController.swift; sourceTree = "<group>"; };
		DF3145C92539D8F100B1087C /* Configuration.swift */ = {isa = PBXFileReference; lastKnownFileType = sourcecode.swift; path = Configuration.swift; sourceTree = "<group>"; };
		DF3145CC2539D96300B1087C /* Scooter.swift */ = {isa = PBXFileReference; lastKnownFileType = sourcecode.swift; path = Scooter.swift; sourceTree = "<group>"; };
		DF3145D32539DE5500B1087C /* NetworkService.swift */ = {isa = PBXFileReference; lastKnownFileType = sourcecode.swift; path = NetworkService.swift; sourceTree = "<group>"; };
		DF3145D62539E23B00B1087C /* StatusViewController.swift */ = {isa = PBXFileReference; lastKnownFileType = sourcecode.swift; path = StatusViewController.swift; sourceTree = "<group>"; };
		DF3145D92539E30000B1087C /* Observable.swift */ = {isa = PBXFileReference; lastKnownFileType = sourcecode.swift; path = Observable.swift; sourceTree = "<group>"; };
		DF3145DC2539F40900B1087C /* Reachability.swift */ = {isa = PBXFileReference; lastKnownFileType = sourcecode.swift; path = Reachability.swift; sourceTree = "<group>"; };
/* End PBXFileReference section */

/* Begin PBXFrameworksBuildPhase section */
		DF3145A32539D1F200B1087C /* Frameworks */ = {
			isa = PBXFrameworksBuildPhase;
			buildActionMask = 2147483647;
			files = (
				C7EDCEAC100C17516ECC675B /* Pods_Whoosh_QR_Scanner.framework in Frameworks */,
			);
			runOnlyForDeploymentPostprocessing = 0;
		};
/* End PBXFrameworksBuildPhase section */

/* Begin PBXGroup section */
		11656A0D4BE9B3A005994D7F /* Frameworks */ = {
			isa = PBXGroup;
			children = (
				3DF1D41A40BACB2F89CCC32A /* Pods_Whoosh_QR_Scanner.framework */,
			);
			name = Frameworks;
			sourceTree = "<group>";
		};
		71461B982720476715438348 /* Pods */ = {
			isa = PBXGroup;
			children = (
				637E168FA252387B92A2554F /* Pods-Whoosh QR Scanner.debug.xcconfig */,
				7269B7437F6FC6BD8C4386CB /* Pods-Whoosh QR Scanner.release.xcconfig */,
			);
			path = Pods;
			sourceTree = "<group>";
		};
		DF31459D2539D1F200B1087C = {
			isa = PBXGroup;
			children = (
				DF3145A82539D1F200B1087C /* Whoosh QR Scanner */,
				DF3145A72539D1F200B1087C /* Products */,
				71461B982720476715438348 /* Pods */,
				11656A0D4BE9B3A005994D7F /* Frameworks */,
			);
			sourceTree = "<group>";
		};
		DF3145A72539D1F200B1087C /* Products */ = {
			isa = PBXGroup;
			children = (
				DF3145A62539D1F200B1087C /* Whoosh QR Scanner.app */,
			);
			name = Products;
			sourceTree = "<group>";
		};
		DF3145A82539D1F200B1087C /* Whoosh QR Scanner */ = {
			isa = PBXGroup;
			children = (
				DF3145A92539D1F200B1087C /* AppDelegate.swift */,
				DF3145B22539D1F700B1087C /* Assets.xcassets */,
				DF3145C92539D8F100B1087C /* Configuration.swift */,
				DF3145B72539D1F700B1087C /* Info.plist */,
				DF3145B42539D1F700B1087C /* LaunchScreen.storyboard */,
				DF3145D32539DE5500B1087C /* NetworkService.swift */,
				DF3145D92539E30000B1087C /* Observable.swift */,
				DF3145DC2539F40900B1087C /* Reachability.swift */,
				DF3145C22539D4BE00B1087C /* ScannerViewController.swift */,
				DF3145CC2539D96300B1087C /* Scooter.swift */,
				DF3145D62539E23B00B1087C /* StatusViewController.swift */,
			);
			path = "Whoosh QR Scanner";
			sourceTree = "<group>";
		};
/* End PBXGroup section */

/* Begin PBXNativeTarget section */
		DF3145A52539D1F200B1087C /* Whoosh QR Scanner */ = {
			isa = PBXNativeTarget;
			buildConfigurationList = DF3145BA2539D1F700B1087C /* Build configuration list for PBXNativeTarget "Whoosh QR Scanner" */;
			buildPhases = (
				2DD895CF639E0B3247396FC1 /* [CP] Check Pods Manifest.lock */,
				DF3145A22539D1F200B1087C /* Sources */,
				DF3145A32539D1F200B1087C /* Frameworks */,
				DF3145A42539D1F200B1087C /* Resources */,
				3739E7D2A1F16EF71BBED000 /* [CP] Embed Pods Frameworks */,
			);
			buildRules = (
			);
			dependencies = (
			);
			name = "Whoosh QR Scanner";
			productName = "Whoosh QR Scanner";
			productReference = DF3145A62539D1F200B1087C /* Whoosh QR Scanner.app */;
			productType = "com.apple.product-type.application";
		};
/* End PBXNativeTarget section */

/* Begin PBXProject section */
		DF31459E2539D1F200B1087C /* Project object */ = {
			isa = PBXProject;
			attributes = {
				LastSwiftUpdateCheck = 1200;
				LastUpgradeCheck = 1200;
				TargetAttributes = {
					DF3145A52539D1F200B1087C = {
						CreatedOnToolsVersion = 12.0;
					};
				};
			};
			buildConfigurationList = DF3145A12539D1F200B1087C /* Build configuration list for PBXProject "Whoosh QR Scanner" */;
			compatibilityVersion = "Xcode 9.3";
			developmentRegion = en;
			hasScannedForEncodings = 0;
			knownRegions = (
				en,
				Base,
			);
			mainGroup = DF31459D2539D1F200B1087C;
			productRefGroup = DF3145A72539D1F200B1087C /* Products */;
			projectDirPath = "";
			projectRoot = "";
			targets = (
				DF3145A52539D1F200B1087C /* Whoosh QR Scanner */,
			);
		};
/* End PBXProject section */

/* Begin PBXResourcesBuildPhase section */
		DF3145A42539D1F200B1087C /* Resources */ = {
			isa = PBXResourcesBuildPhase;
			buildActionMask = 2147483647;
			files = (
				DF3145B62539D1F700B1087C /* LaunchScreen.storyboard in Resources */,
				DF3145B32539D1F700B1087C /* Assets.xcassets in Resources */,
			);
			runOnlyForDeploymentPostprocessing = 0;
		};
/* End PBXResourcesBuildPhase section */

/* Begin PBXShellScriptBuildPhase section */
		2DD895CF639E0B3247396FC1 /* [CP] Check Pods Manifest.lock */ = {
			isa = PBXShellScriptBuildPhase;
			buildActionMask = 2147483647;
			files = (
			);
			inputFileListPaths = (
			);
			inputPaths = (
				"${PODS_PODFILE_DIR_PATH}/Podfile.lock",
				"${PODS_ROOT}/Manifest.lock",
			);
			name = "[CP] Check Pods Manifest.lock";
			outputFileListPaths = (
			);
			outputPaths = (
				"$(DERIVED_FILE_DIR)/Pods-Whoosh QR Scanner-checkManifestLockResult.txt",
			);
			runOnlyForDeploymentPostprocessing = 0;
			shellPath = /bin/sh;
			shellScript = "diff \"${PODS_PODFILE_DIR_PATH}/Podfile.lock\" \"${PODS_ROOT}/Manifest.lock\" > /dev/null\nif [ $? != 0 ] ; then\n    # print error to STDERR\n    echo \"error: The sandbox is not in sync with the Podfile.lock. Run 'pod install' or update your CocoaPods installation.\" >&2\n    exit 1\nfi\n# This output is used by Xcode 'outputs' to avoid re-running this script phase.\necho \"SUCCESS\" > \"${SCRIPT_OUTPUT_FILE_0}\"\n";
			showEnvVarsInLog = 0;
		};
		3739E7D2A1F16EF71BBED000 /* [CP] Embed Pods Frameworks */ = {
			isa = PBXShellScriptBuildPhase;
			buildActionMask = 2147483647;
			files = (
			);
			inputFileListPaths = (
				"${PODS_ROOT}/Target Support Files/Pods-Whoosh QR Scanner/Pods-Whoosh QR Scanner-frameworks-${CONFIGURATION}-input-files.xcfilelist",
			);
			name = "[CP] Embed Pods Frameworks";
			outputFileListPaths = (
				"${PODS_ROOT}/Target Support Files/Pods-Whoosh QR Scanner/Pods-Whoosh QR Scanner-frameworks-${CONFIGURATION}-output-files.xcfilelist",
			);
			runOnlyForDeploymentPostprocessing = 0;
			shellPath = /bin/sh;
			shellScript = "\"${PODS_ROOT}/Target Support Files/Pods-Whoosh QR Scanner/Pods-Whoosh QR Scanner-frameworks.sh\"\n";
			showEnvVarsInLog = 0;
		};
/* End PBXShellScriptBuildPhase section */

/* Begin PBXSourcesBuildPhase section */
		DF3145A22539D1F200B1087C /* Sources */ = {
			isa = PBXSourcesBuildPhase;
			buildActionMask = 2147483647;
			files = (
				DF3145D42539DE5500B1087C /* NetworkService.swift in Sources */,
				DF3145CA2539D8F100B1087C /* Configuration.swift in Sources */,
				DF3145AA2539D1F200B1087C /* AppDelegate.swift in Sources */,
				DF3145DA2539E30000B1087C /* Observable.swift in Sources */,
				DF3145C32539D4BE00B1087C /* ScannerViewController.swift in Sources */,
				DF3145D72539E23B00B1087C /* StatusViewController.swift in Sources */,
				DF3145DD2539F40A00B1087C /* Reachability.swift in Sources */,
				DF3145CD2539D96300B1087C /* Scooter.swift in Sources */,
			);
			runOnlyForDeploymentPostprocessing = 0;
		};
/* End PBXSourcesBuildPhase section */

/* Begin PBXVariantGroup section */
		DF3145B42539D1F700B1087C /* LaunchScreen.storyboard */ = {
			isa = PBXVariantGroup;
			children = (
				DF3145B52539D1F700B1087C /* Base */,
			);
			name = LaunchScreen.storyboard;
			sourceTree = "<group>";
		};
/* End PBXVariantGroup section */

/* Begin XCBuildConfiguration section */
		DF3145B82539D1F700B1087C /* Debug */ = {
			isa = XCBuildConfiguration;
			buildSettings = {
				ALWAYS_SEARCH_USER_PATHS = NO;
				CLANG_ANALYZER_NONNULL = YES;
				CLANG_ANALYZER_NUMBER_OBJECT_CONVERSION = YES_AGGRESSIVE;
				CLANG_CXX_LANGUAGE_STANDARD = "gnu++14";
				CLANG_CXX_LIBRARY = "libc++";
				CLANG_ENABLE_MODULES = YES;
				CLANG_ENABLE_OBJC_ARC = YES;
				CLANG_ENABLE_OBJC_WEAK = YES;
				CLANG_WARN_BLOCK_CAPTURE_AUTORELEASING = YES;
				CLANG_WARN_BOOL_CONVERSION = YES;
				CLANG_WARN_COMMA = YES;
				CLANG_WARN_CONSTANT_CONVERSION = YES;
				CLANG_WARN_DEPRECATED_OBJC_IMPLEMENTATIONS = YES;
				CLANG_WARN_DIRECT_OBJC_ISA_USAGE = YES_ERROR;
				CLANG_WARN_DOCUMENTATION_COMMENTS = YES;
				CLANG_WARN_EMPTY_BODY = YES;
				CLANG_WARN_ENUM_CONVERSION = YES;
				CLANG_WARN_INFINITE_RECURSION = YES;
				CLANG_WARN_INT_CONVERSION = YES;
				CLANG_WARN_NON_LITERAL_NULL_CONVERSION = YES;
				CLANG_WARN_OBJC_IMPLICIT_RETAIN_SELF = YES;
				CLANG_WARN_OBJC_LITERAL_CONVERSION = YES;
				CLANG_WARN_OBJC_ROOT_CLASS = YES_ERROR;
				CLANG_WARN_QUOTED_INCLUDE_IN_FRAMEWORK_HEADER = YES;
				CLANG_WARN_RANGE_LOOP_ANALYSIS = YES;
				CLANG_WARN_STRICT_PROTOTYPES = YES;
				CLANG_WARN_SUSPICIOUS_MOVE = YES;
				CLANG_WARN_UNGUARDED_AVAILABILITY = YES_AGGRESSIVE;
				CLANG_WARN_UNREACHABLE_CODE = YES;
				CLANG_WARN__DUPLICATE_METHOD_MATCH = YES;
				COPY_PHASE_STRIP = NO;
				DEBUG_INFORMATION_FORMAT = dwarf;
				ENABLE_STRICT_OBJC_MSGSEND = YES;
				ENABLE_TESTABILITY = YES;
				GCC_C_LANGUAGE_STANDARD = gnu11;
				GCC_DYNAMIC_NO_PIC = NO;
				GCC_NO_COMMON_BLOCKS = YES;
				GCC_OPTIMIZATION_LEVEL = 0;
				GCC_PREPROCESSOR_DEFINITIONS = (
					"DEBUG=1",
					"$(inherited)",
				);
				GCC_WARN_64_TO_32_BIT_CONVERSION = YES;
				GCC_WARN_ABOUT_RETURN_TYPE = YES_ERROR;
				GCC_WARN_UNDECLARED_SELECTOR = YES;
				GCC_WARN_UNINITIALIZED_AUTOS = YES_AGGRESSIVE;
				GCC_WARN_UNUSED_FUNCTION = YES;
				GCC_WARN_UNUSED_VARIABLE = YES;
				IPHONEOS_DEPLOYMENT_TARGET = 14.0;
				MTL_ENABLE_DEBUG_INFO = INCLUDE_SOURCE;
				MTL_FAST_MATH = YES;
				ONLY_ACTIVE_ARCH = YES;
				SDKROOT = iphoneos;
				SWIFT_ACTIVE_COMPILATION_CONDITIONS = DEBUG;
				SWIFT_OPTIMIZATION_LEVEL = "-Onone";
			};
			name = Debug;
		};
		DF3145B92539D1F700B1087C /* Release */ = {
			isa = XCBuildConfiguration;
			buildSettings = {
				ALWAYS_SEARCH_USER_PATHS = NO;
				CLANG_ANALYZER_NONNULL = YES;
				CLANG_ANALYZER_NUMBER_OBJECT_CONVERSION = YES_AGGRESSIVE;
				CLANG_CXX_LANGUAGE_STANDARD = "gnu++14";
				CLANG_CXX_LIBRARY = "libc++";
				CLANG_ENABLE_MODULES = YES;
				CLANG_ENABLE_OBJC_ARC = YES;
				CLANG_ENABLE_OBJC_WEAK = YES;
				CLANG_WARN_BLOCK_CAPTURE_AUTORELEASING = YES;
				CLANG_WARN_BOOL_CONVERSION = YES;
				CLANG_WARN_COMMA = YES;
				CLANG_WARN_CONSTANT_CONVERSION = YES;
				CLANG_WARN_DEPRECATED_OBJC_IMPLEMENTATIONS = YES;
				CLANG_WARN_DIRECT_OBJC_ISA_USAGE = YES_ERROR;
				CLANG_WARN_DOCUMENTATION_COMMENTS = YES;
				CLANG_WARN_EMPTY_BODY = YES;
				CLANG_WARN_ENUM_CONVERSION = YES;
				CLANG_WARN_INFINITE_RECURSION = YES;
				CLANG_WARN_INT_CONVERSION = YES;
				CLANG_WARN_NON_LITERAL_NULL_CONVERSION = YES;
				CLANG_WARN_OBJC_IMPLICIT_RETAIN_SELF = YES;
				CLANG_WARN_OBJC_LITERAL_CONVERSION = YES;
				CLANG_WARN_OBJC_ROOT_CLASS = YES_ERROR;
				CLANG_WARN_QUOTED_INCLUDE_IN_FRAMEWORK_HEADER = YES;
				CLANG_WARN_RANGE_LOOP_ANALYSIS = YES;
				CLANG_WARN_STRICT_PROTOTYPES = YES;
				CLANG_WARN_SUSPICIOUS_MOVE = YES;
				CLANG_WARN_UNGUARDED_AVAILABILITY = YES_AGGRESSIVE;
				CLANG_WARN_UNREACHABLE_CODE = YES;
				CLANG_WARN__DUPLICATE_METHOD_MATCH = YES;
				COPY_PHASE_STRIP = NO;
				DEBUG_INFORMATION_FORMAT = "dwarf-with-dsym";
				ENABLE_NS_ASSERTIONS = NO;
				ENABLE_STRICT_OBJC_MSGSEND = YES;
				GCC_C_LANGUAGE_STANDARD = gnu11;
				GCC_NO_COMMON_BLOCKS = YES;
				GCC_WARN_64_TO_32_BIT_CONVERSION = YES;
				GCC_WARN_ABOUT_RETURN_TYPE = YES_ERROR;
				GCC_WARN_UNDECLARED_SELECTOR = YES;
				GCC_WARN_UNINITIALIZED_AUTOS = YES_AGGRESSIVE;
				GCC_WARN_UNUSED_FUNCTION = YES;
				GCC_WARN_UNUSED_VARIABLE = YES;
				IPHONEOS_DEPLOYMENT_TARGET = 14.0;
				MTL_ENABLE_DEBUG_INFO = NO;
				MTL_FAST_MATH = YES;
				SDKROOT = iphoneos;
				SWIFT_COMPILATION_MODE = wholemodule;
				SWIFT_OPTIMIZATION_LEVEL = "-O";
				VALIDATE_PRODUCT = YES;
			};
			name = Release;
		};
		DF3145BB2539D1F700B1087C /* Debug */ = {
			isa = XCBuildConfiguration;
			baseConfigurationReference = 637E168FA252387B92A2554F /* Pods-Whoosh QR Scanner.debug.xcconfig */;
			buildSettings = {
				ASSETCATALOG_COMPILER_APPICON_NAME = AppIcon;
				ASSETCATALOG_COMPILER_GLOBAL_ACCENT_COLOR_NAME = AccentColor;
				CODE_SIGN_STYLE = Automatic;
				DEVELOPMENT_TEAM = 66B6DJ7RZU;
				INFOPLIST_FILE = "Whoosh QR Scanner/Info.plist";
				LD_RUNPATH_SEARCH_PATHS = (
					"$(inherited)",
					"@executable_path/Frameworks",
				);
				PRODUCT_BUNDLE_IDENTIFIER = "Artem-Kayumov.Whoosh-QR-Scanner";
				PRODUCT_NAME = "$(TARGET_NAME)";
				SWIFT_VERSION = 5.0;
				TARGETED_DEVICE_FAMILY = 1;
			};
			name = Debug;
		};
		DF3145BC2539D1F700B1087C /* Release */ = {
			isa = XCBuildConfiguration;
			baseConfigurationReference = 7269B7437F6FC6BD8C4386CB /* Pods-Whoosh QR Scanner.release.xcconfig */;
			buildSettings = {
				ASSETCATALOG_COMPILER_APPICON_NAME = AppIcon;
				ASSETCATALOG_COMPILER_GLOBAL_ACCENT_COLOR_NAME = AccentColor;
				CODE_SIGN_STYLE = Automatic;
				DEVELOPMENT_TEAM = 66B6DJ7RZU;
				INFOPLIST_FILE = "Whoosh QR Scanner/Info.plist";
				LD_RUNPATH_SEARCH_PATHS = (
					"$(inherited)",
					"@executable_path/Frameworks",
				);
				PRODUCT_BUNDLE_IDENTIFIER = "Artem-Kayumov.Whoosh-QR-Scanner";
				PRODUCT_NAME = "$(TARGET_NAME)";
				SWIFT_VERSION = 5.0;
				TARGETED_DEVICE_FAMILY = 1;
			};
			name = Release;
		};
/* End XCBuildConfiguration section */

/* Begin XCConfigurationList section */
		DF3145A12539D1F200B1087C /* Build configuration list for PBXProject "Whoosh QR Scanner" */ = {
			isa = XCConfigurationList;
			buildConfigurations = (
				DF3145B82539D1F700B1087C /* Debug */,
				DF3145B92539D1F700B1087C /* Release */,
			);
			defaultConfigurationIsVisible = 0;
			defaultConfigurationName = Release;
		};
		DF3145BA2539D1F700B1087C /* Build configuration list for PBXNativeTarget "Whoosh QR Scanner" */ = {
			isa = XCConfigurationList;
			buildConfigurations = (
				DF3145BB2539D1F700B1087C /* Debug */,
				DF3145BC2539D1F700B1087C /* Release */,
			);
			defaultConfigurationIsVisible = 0;
			defaultConfigurationName = Release;
		};
/* End XCConfigurationList section */
	};
	rootObject = DF31459E2539D1F200B1087C /* Project object */;
}
